
Microsoft Visual Studio Solution File, Format Version 12.00
# Visual Studio 14
VisualStudioVersion = 14.0.23107.0
MinimumVisualStudioVersion = 10.0.40219.1
Project("{FAE04EC0-301F-11D3-BF4B-00C04F79EFBC}") = "DecibelMeterClient", "DecibelMeterClient\DecibelMeterClient.csproj", "{5F92DB39-F901-433A-8338-D32EACDF066F}"
EndProject
Global
	GlobalSection(SolutionConfigurationPlatforms) = preSolution
		Debug|Any CPU = Debug|Any CPU
		Release|Any CPU = Release|Any CPU
	EndGlobalSection
	GlobalSection(ProjectConfigurationPlatforms) = postSolution
		{5F92DB39-F901-433A-8338-D32EACDF066F}.Debug|Any CPU.ActiveCfg = Debug|Any CPU
		{5F92DB39-F901-433A-8338-D32EACDF066F}.Debug|Any CPU.Build.0 = Debug|Any CPU
		{5F92DB39-F901-433A-8338-D32EACDF066F}.Release|Any CPU.ActiveCfg = Release|Any CPU
		{5F92DB39-F901-433A-8338-D32EACDF066F}.Release|Any CPU.Build.0 = Release|Any CPU
	EndGlobalSection
	GlobalSection(SolutionProperties) = preSolution
		HideSolutionNode = FALSE
	EndGlobalSection
EndGlobal
